
Microsoft Visual Studio Solution File, Format Version 12.00
# Visual Studio Version 17
VisualStudioVersion = 17.7.34031.279
MinimumVisualStudioVersion = 10.0.40219.1
Project("{FAE04EC0-301F-11D3-BF4B-00C04F79EFBC}") = "Handyman", "Handyman.csproj", "{94D1AC5C-B592-4CD0-9EAE-0A75710DC142}"
EndProject
Global
	GlobalSection(SolutionConfigurationPlatforms) = preSolution
		Debug|Any CPU = Debug|Any CPU
		Release|Any CPU = Release|Any CPU
	EndGlobalSection
	GlobalSection(ProjectConfigurationPlatforms) = postSolution
		{94D1AC5C-B592-4CD0-9EAE-0A75710DC142}.Debug|Any CPU.ActiveCfg = Debug|Any CPU
		{94D1AC5C-B592-4CD0-9EAE-0A75710DC142}.Debug|Any CPU.Build.0 = Debug|Any CPU
		{94D1AC5C-B592-4CD0-9EAE-0A75710DC142}.Release|Any CPU.ActiveCfg = Release|Any CPU
		{94D1AC5C-B592-4CD0-9EAE-0A75710DC142}.Release|Any CPU.Build.0 = Release|Any CPU
	EndGlobalSection
	GlobalSection(SolutionProperties) = preSolution
		HideSolutionNode = FALSE
	EndGlobalSection
	GlobalSection(ExtensibilityGlobals) = postSolution
		SolutionGuid = {9C7B40CE-9CC0-417F-8A6A-7E7D2185B8F7}
	EndGlobalSection
EndGlobal
